
Microsoft Visual Studio Solution File, Format Version 12.00
# Visual Studio 15
VisualStudioVersion = 15.0.28307.421
MinimumVisualStudioVersion = 10.0.40219.1
Project("{FAE04EC0-301F-11D3-BF4B-00C04F79EFBC}") = "VideoEncryption", "VideoEncryption.csproj", "{59759E64-7AC1-4EB1-8924-E86E5B2A71C4}"
EndProject
Global
	GlobalSection(SolutionConfigurationPlatforms) = preSolution
		Debug|Any CPU = Debug|Any CPU
		Release|Any CPU = Release|Any CPU
	EndGlobalSection
	GlobalSection(ProjectConfigurationPlatforms) = postSolution
		{59759E64-7AC1-4EB1-8924-E86E5B2A71C4}.Debug|Any CPU.ActiveCfg = Debug|Any CPU
		{59759E64-7AC1-4EB1-8924-E86E5B2A71C4}.Debug|Any CPU.Build.0 = Debug|Any CPU
		{59759E64-7AC1-4EB1-8924-E86E5B2A71C4}.Release|Any CPU.ActiveCfg = Release|Any CPU
		{59759E64-7AC1-4EB1-8924-E86E5B2A71C4}.Release|Any CPU.Build.0 = Release|Any CPU
	EndGlobalSection
	GlobalSection(SolutionProperties) = preSolution
		HideSolutionNode = FALSE
	EndGlobalSection
	GlobalSection(ExtensibilityGlobals) = postSolution
		SolutionGuid = {7F95E1E2-E686-4F79-8E49-B04845096709}
	EndGlobalSection
EndGlobal
